{
  "name": "sdk-version-grounding-fixture",
  "lockfileVersion": 3,
  "requires": true,
  "packages": {
    "": {
      "name": "sdk-version-grounding-fixture",
      "dependencies": {
        "acme-ai-sdk": "1.4.0"
      }
    },
    "node_modules/acme-ai-sdk": {
      "version": "1.4.0",
      "resolved": "https://registry.example.invalid/acme-ai-sdk/-/acme-ai-sdk-1.4.0.tgz",
      "integrity": "sha512-fixture-only"
    }
  }
}
